// !$*UTF8*$!
{
	archiveVersion = 1;
	classes = {
	};
	objectVersion = 55;
	objects = {

/* Begin PBXBuildFile section */
		B579A3402864D59100E6113D /* libLua.a in Frameworks */ = {isa = PBXBuildFile; fileRef = B579A33C2864D57900E6113D /* libLua.a */; };
		B5DF46092864FCE800BCD610 /* Carbon.framework in Frameworks */ = {isa = PBXBuildFile; fileRef = B5DF46082864FCE800BCD610 /* Carbon.framework */; };
		B5DF460F2864FE2600BCD610 /* sampleclib.cpp in Sources */ = {isa = PBXBuildFile; fileRef = B5DF460D2864FE2600BCD610 /* sampleclib.cpp */; };
		B5DF46102864FE2600BCD610 /* luabridge_interface.cpp in Sources */ = {isa = PBXBuildFile; fileRef = B5DF460E2864FE2600BCD610 /* luabridge_interface.cpp */; };
		B5DF46122864FE5000BCD610 /* Localizable.strings in Resources */ = {isa = PBXBuildFile; fileRef = B5DF46112864FE5000BCD610 /* Localizable.strings */; };
/* End PBXBuildFile section */

/* Begin PBXContainerItemProxy section */
		B579A33B2864D57900E6113D /* PBXContainerItemProxy */ = {
			isa = PBXContainerItemProxy;
			containerPortal = B579A3372864D57900E6113D /* Lua.xcodeproj */;
			proxyType = 2;
			remoteGlobalIDString = B50BDD1E26E9499000F1FAD3;
			remoteInfo = Lua;
		};
		B579A33D2864D58B00E6113D /* PBXContainerItemProxy */ = {
			isa = PBXContainerItemProxy;
			containerPortal = B579A3372864D57900E6113D /* Lua.xcodeproj */;
			proxyType = 1;
			remoteGlobalIDString = B50BDD1D26E9499000F1FAD3;
			remoteInfo = Lua;
		};
/* End PBXContainerItemProxy section */

/* Begin PBXFileReference section */
		B579A3372864D57900E6113D /* Lua.xcodeproj */ = {isa = PBXFileReference; lastKnownFileType = "wrapper.pb-project"; name = Lua.xcodeproj; path = "lua-source/Lua.xcodeproj"; sourceTree = "<group>"; };
		B5A10ED72864D2DE00C23894 /* sampleclib.bundle */ = {isa = PBXFileReference; explicitFileType = wrapper.cfbundle; includeInIndex = 0; path = sampleclib.bundle; sourceTree = BUILT_PRODUCTS_DIR; };
		B5A10EDF2864D32B00C23894 /* Shared.xcconfig */ = {isa = PBXFileReference; fileEncoding = 4; lastKnownFileType = text.xcconfig; path = Shared.xcconfig; sourceTree = "<group>"; };
		B5A10EF02864D47400C23894 /* List.h */ = {isa = PBXFileReference; fileEncoding = 4; lastKnownFileType = sourcecode.c.h; path = List.h; sourceTree = "<group>"; };
		B5A10EF12864D47400C23894 /* LuaBridge.h */ = {isa = PBXFileReference; fileEncoding = 4; lastKnownFileType = sourcecode.c.h; path = LuaBridge.h; sourceTree = "<group>"; };
		B5A10EF22864D47400C23894 /* Map.h */ = {isa = PBXFileReference; fileEncoding = 4; lastKnownFileType = sourcecode.c.h; path = Map.h; sourceTree = "<group>"; };
		B5A10EF32864D47400C23894 /* Optional.h */ = {isa = PBXFileReference; fileEncoding = 4; lastKnownFileType = sourcecode.c.h; path = Optional.h; sourceTree = "<group>"; };
		B5A10EF42864D47400C23894 /* RefCountedObject.h */ = {isa = PBXFileReference; fileEncoding = 4; lastKnownFileType = sourcecode.c.h; path = RefCountedObject.h; sourceTree = "<group>"; };
		B5A10EF52864D47400C23894 /* RefCountedPtr.h */ = {isa = PBXFileReference; fileEncoding = 4; lastKnownFileType = sourcecode.c.h; path = RefCountedPtr.h; sourceTree = "<group>"; };
		B5A10EF62864D47400C23894 /* Array.h */ = {isa = PBXFileReference; fileEncoding = 4; lastKnownFileType = sourcecode.c.h; path = Array.h; sourceTree = "<group>"; };
		B5A10EF72864D47400C23894 /* UnorderedMap.h */ = {isa = PBXFileReference; fileEncoding = 4; lastKnownFileType = sourcecode.c.h; path = UnorderedMap.h; sourceTree = "<group>"; };
		B5A10EF82864D47400C23894 /* detail */ = {isa = PBXFileReference; lastKnownFileType = folder; path = detail; sourceTree = "<group>"; };
		B5A10EF92864D47400C23894 /* Vector.h */ = {isa = PBXFileReference; fileEncoding = 4; lastKnownFileType = sourcecode.c.h; path = Vector.h; sourceTree = "<group>"; };
		B5DF46082864FCE800BCD610 /* Carbon.framework */ = {isa = PBXFileReference; lastKnownFileType = wrapper.framework; name = Carbon.framework; path = ../../../../../../../System/Library/Frameworks/Carbon.framework; sourceTree = "<group>"; };
		B5DF460B2864FE2600BCD610 /* luabridge_interface.hpp */ = {isa = PBXFileReference; fileEncoding = 4; lastKnownFileType = sourcecode.cpp.h; path = luabridge_interface.hpp; sourceTree = "<group>"; };
		B5DF460C2864FE2600BCD610 /* sampleclib.hpp */ = {isa = PBXFileReference; fileEncoding = 4; lastKnownFileType = sourcecode.cpp.h; path = sampleclib.hpp; sourceTree = "<group>"; };
		B5DF460D2864FE2600BCD610 /* sampleclib.cpp */ = {isa = PBXFileReference; fileEncoding = 4; lastKnownFileType = sourcecode.cpp.cpp; path = sampleclib.cpp; sourceTree = "<group>"; };
		B5DF460E2864FE2600BCD610 /* luabridge_interface.cpp */ = {isa = PBXFileReference; fileEncoding = 4; lastKnownFileType = sourcecode.cpp.cpp; path = luabridge_interface.cpp; sourceTree = "<group>"; };
		B5DF46112864FE5000BCD610 /* Localizable.strings */ = {isa = PBXFileReference; lastKnownFileType = text.plist.strings; path = Localizable.strings; sourceTree = "<group>"; };
/* End PBXFileReference section */

/* Begin PBXFrameworksBuildPhase section */
		B5A10ED42864D2DE00C23894 /* Frameworks */ = {
			isa = PBXFrameworksBuildPhase;
			buildActionMask = 2147483647;
			files = (
				B579A3402864D59100E6113D /* libLua.a in Frameworks */,
				B5DF46092864FCE800BCD610 /* Carbon.framework in Frameworks */,
			);
			runOnlyForDeploymentPostprocessing = 0;
		};
/* End PBXFrameworksBuildPhase section */

/* Begin PBXGroup section */
		B579A3382864D57900E6113D /* Products */ = {
			isa = PBXGroup;
			children = (
				B579A33C2864D57900E6113D /* libLua.a */,
			);
			name = Products;
			sourceTree = "<group>";
		};
		B579A33F2864D59100E6113D /* Frameworks */ = {
			isa = PBXGroup;
			children = (
				B5DF46082864FCE800BCD610 /* Carbon.framework */,
			);
			name = Frameworks;
			sourceTree = "<group>";
		};
		B5A10ECE2864D2DE00C23894 = {
			isa = PBXGroup;
			children = (
				B5A10EDF2864D32B00C23894 /* Shared.xcconfig */,
				B579A3372864D57900E6113D /* Lua.xcodeproj */,
				B5A10EEF2864D45100C23894 /* LuaBridge */,
				B5A10EE82864D3DE00C23894 /* Source */,
				B5A10ED82864D2DE00C23894 /* Products */,
				B579A33F2864D59100E6113D /* Frameworks */,
			);
			sourceTree = "<group>";
		};
		B5A10ED82864D2DE00C23894 /* Products */ = {
			isa = PBXGroup;
			children = (
				B5A10ED72864D2DE00C23894 /* sampleclib.bundle */,
			);
			name = Products;
			sourceTree = "<group>";
		};
		B5A10EE82864D3DE00C23894 /* Source */ = {
			isa = PBXGroup;
			children = (
				B5DF460A2864FDB900BCD610 /* Resources */,
				B5DF460E2864FE2600BCD610 /* luabridge_interface.cpp */,
				B5DF460B2864FE2600BCD610 /* luabridge_interface.hpp */,
				B5DF460D2864FE2600BCD610 /* sampleclib.cpp */,
				B5DF460C2864FE2600BCD610 /* sampleclib.hpp */,
			);
			name = Source;
			path = src;
			sourceTree = "<group>";
		};
		B5A10EEF2864D45100C23894 /* LuaBridge */ = {
			isa = PBXGroup;
			children = (
				B5A10EF62864D47400C23894 /* Array.h */,
				B5A10EF82864D47400C23894 /* detail */,
				B5A10EF02864D47400C23894 /* List.h */,
				B5A10EF12864D47400C23894 /* LuaBridge.h */,
				B5A10EF22864D47400C23894 /* Map.h */,
				B5A10EF32864D47400C23894 /* Optional.h */,
				B5A10EF42864D47400C23894 /* RefCountedObject.h */,
				B5A10EF52864D47400C23894 /* RefCountedPtr.h */,
				B5A10EF72864D47400C23894 /* UnorderedMap.h */,
				B5A10EF92864D47400C23894 /* Vector.h */,
			);
			name = LuaBridge;
			path = LuaBridge/Source/LuaBridge;
			sourceTree = "<group>";
		};
		B5DF460A2864FDB900BCD610 /* Resources */ = {
			isa = PBXGroup;
			children = (
				B5DF46112864FE5000BCD610 /* Localizable.strings */,
			);
			name = Resources;
			path = resources/mac;
			sourceTree = SOURCE_ROOT;
		};
/* End PBXGroup section */

/* Begin PBXNativeTarget section */
		B5A10ED62864D2DE00C23894 /* sampleclib */ = {
			isa = PBXNativeTarget;
			buildConfigurationList = B5A10EDB2864D2DE00C23894 /* Build configuration list for PBXNativeTarget "sampleclib" */;
			buildPhases = (
				B5A10ED32864D2DE00C23894 /* Sources */,
				B5A10ED42864D2DE00C23894 /* Frameworks */,
				B5A10ED52864D2DE00C23894 /* Resources */,
			);
			buildRules = (
			);
			dependencies = (
				B579A33E2864D58B00E6113D /* PBXTargetDependency */,
			);
			name = sampleclib;
			productName = sampleclib;
			productReference = B5A10ED72864D2DE00C23894 /* sampleclib.bundle */;
			productType = "com.apple.product-type.bundle";
		};
/* End PBXNativeTarget section */

/* Begin PBXProject section */
		B5A10ECF2864D2DE00C23894 /* Project object */ = {
			isa = PBXProject;
			attributes = {
				BuildIndependentTargetsInParallel = 1;
				LastUpgradeCheck = 1340;
				TargetAttributes = {
					B5A10ED62864D2DE00C23894 = {
						CreatedOnToolsVersion = 13.4;
					};
				};
			};
			buildConfigurationList = B5A10ED22864D2DE00C23894 /* Build configuration list for PBXProject "SampleClib-new" */;
			compatibilityVersion = "Xcode 13.0";
			developmentRegion = en;
			hasScannedForEncodings = 0;
			knownRegions = (
				en,
				Base,
			);
			mainGroup = B5A10ECE2864D2DE00C23894;
			productRefGroup = B5A10ED82864D2DE00C23894 /* Products */;
			projectDirPath = "";
			projectReferences = (
				{
					ProductGroup = B579A3382864D57900E6113D /* Products */;
					ProjectRef = B579A3372864D57900E6113D /* Lua.xcodeproj */;
				},
			);
			projectRoot = "";
			targets = (
				B5A10ED62864D2DE00C23894 /* sampleclib */,
			);
		};
/* End PBXProject section */

/* Begin PBXReferenceProxy section */
		B579A33C2864D57900E6113D /* libLua.a */ = {
			isa = PBXReferenceProxy;
			fileType = archive.ar;
			path = libLua.a;
			remoteRef = B579A33B2864D57900E6113D /* PBXContainerItemProxy */;
			sourceTree = BUILT_PRODUCTS_DIR;
		};
/* End PBXReferenceProxy section */

/* Begin PBXResourcesBuildPhase section */
		B5A10ED52864D2DE00C23894 /* Resources */ = {
			isa = PBXResourcesBuildPhase;
			buildActionMask = 2147483647;
			files = (
				B5DF46122864FE5000BCD610 /* Localizable.strings in Resources */,
			);
			runOnlyForDeploymentPostprocessing = 0;
		};
/* End PBXResourcesBuildPhase section */

/* Begin PBXSourcesBuildPhase section */
		B5A10ED32864D2DE00C23894 /* Sources */ = {
			isa = PBXSourcesBuildPhase;
			buildActionMask = 2147483647;
			files = (
				B5DF460F2864FE2600BCD610 /* sampleclib.cpp in Sources */,
				B5DF46102864FE2600BCD610 /* luabridge_interface.cpp in Sources */,
			);
			runOnlyForDeploymentPostprocessing = 0;
		};
/* End PBXSourcesBuildPhase section */

/* Begin PBXTargetDependency section */
		B579A33E2864D58B00E6113D /* PBXTargetDependency */ = {
			isa = PBXTargetDependency;
			name = Lua;
			targetProxy = B579A33D2864D58B00E6113D /* PBXContainerItemProxy */;
		};
/* End PBXTargetDependency section */

/* Begin XCBuildConfiguration section */
		B5A10ED92864D2DE00C23894 /* Debug */ = {
			isa = XCBuildConfiguration;
			baseConfigurationReference = B5A10EDF2864D32B00C23894 /* Shared.xcconfig */;
			buildSettings = {
				ALWAYS_SEARCH_USER_PATHS = NO;
				CLANG_ANALYZER_NONNULL = YES;
				CLANG_ANALYZER_NUMBER_OBJECT_CONVERSION = YES_AGGRESSIVE;
				CLANG_CXX_LANGUAGE_STANDARD = "gnu++17";
				CLANG_ENABLE_MODULES = YES;
				CLANG_ENABLE_OBJC_ARC = YES;
				CLANG_ENABLE_OBJC_WEAK = YES;
				CLANG_WARN_BLOCK_CAPTURE_AUTORELEASING = YES;
				CLANG_WARN_BOOL_CONVERSION = YES;
				CLANG_WARN_COMMA = YES;
				CLANG_WARN_CONSTANT_CONVERSION = YES;
				CLANG_WARN_DEPRECATED_OBJC_IMPLEMENTATIONS = YES;
				CLANG_WARN_DIRECT_OBJC_ISA_USAGE = YES_ERROR;
				CLANG_WARN_DOCUMENTATION_COMMENTS = YES;
				CLANG_WARN_EMPTY_BODY = YES;
				CLANG_WARN_ENUM_CONVERSION = YES;
				CLANG_WARN_INFINITE_RECURSION = YES;
				CLANG_WARN_INT_CONVERSION = YES;
				CLANG_WARN_NON_LITERAL_NULL_CONVERSION = YES;
				CLANG_WARN_OBJC_IMPLICIT_RETAIN_SELF = YES;
				CLANG_WARN_OBJC_LITERAL_CONVERSION = YES;
				CLANG_WARN_OBJC_ROOT_CLASS = YES_ERROR;
				CLANG_WARN_QUOTED_INCLUDE_IN_FRAMEWORK_HEADER = YES;
				CLANG_WARN_RANGE_LOOP_ANALYSIS = YES;
				CLANG_WARN_STRICT_PROTOTYPES = YES;
				CLANG_WARN_SUSPICIOUS_MOVE = YES;
				CLANG_WARN_UNGUARDED_AVAILABILITY = YES_AGGRESSIVE;
				CLANG_WARN_UNREACHABLE_CODE = YES;
				CLANG_WARN__DUPLICATE_METHOD_MATCH = YES;
				COPY_PHASE_STRIP = NO;
				DEBUG_INFORMATION_FORMAT = dwarf;
				ENABLE_STRICT_OBJC_MSGSEND = YES;
				ENABLE_TESTABILITY = YES;
				GCC_C_LANGUAGE_STANDARD = gnu11;
				GCC_DYNAMIC_NO_PIC = NO;
				GCC_NO_COMMON_BLOCKS = YES;
				GCC_OPTIMIZATION_LEVEL = 0;
				GCC_PREPROCESSOR_DEFINITIONS = (
					"DEBUG=1",
					"$(inherited)",
				);
				GCC_WARN_64_TO_32_BIT_CONVERSION = YES;
				GCC_WARN_ABOUT_RETURN_TYPE = YES_ERROR;
				GCC_WARN_UNDECLARED_SELECTOR = YES;
				GCC_WARN_UNINITIALIZED_AUTOS = YES_AGGRESSIVE;
				GCC_WARN_UNUSED_FUNCTION = YES;
				GCC_WARN_UNUSED_VARIABLE = YES;
				MACOSX_DEPLOYMENT_TARGET = 12.3;
				MTL_ENABLE_DEBUG_INFO = INCLUDE_SOURCE;
				MTL_FAST_MATH = YES;
				ONLY_ACTIVE_ARCH = YES;
				SDKROOT = macosx;
			};
			name = Debug;
		};
		B5A10EDA2864D2DE00C23894 /* Release */ = {
			isa = XCBuildConfiguration;
			baseConfigurationReference = B5A10EDF2864D32B00C23894 /* Shared.xcconfig */;
			buildSettings = {
				ALWAYS_SEARCH_USER_PATHS = NO;
				CLANG_ANALYZER_NONNULL = YES;
				CLANG_ANALYZER_NUMBER_OBJECT_CONVERSION = YES_AGGRESSIVE;
				CLANG_CXX_LANGUAGE_STANDARD = "gnu++17";
				CLANG_ENABLE_MODULES = YES;
				CLANG_ENABLE_OBJC_ARC = YES;
				CLANG_ENABLE_OBJC_WEAK = YES;
				CLANG_WARN_BLOCK_CAPTURE_AUTORELEASING = YES;
				CLANG_WARN_BOOL_CONVERSION = YES;
				CLANG_WARN_COMMA = YES;
				CLANG_WARN_CONSTANT_CONVERSION = YES;
				CLANG_WARN_DEPRECATED_OBJC_IMPLEMENTATIONS = YES;
				CLANG_WARN_DIRECT_OBJC_ISA_USAGE = YES_ERROR;
				CLANG_WARN_DOCUMENTATION_COMMENTS = YES;
				CLANG_WARN_EMPTY_BODY = YES;
				CLANG_WARN_ENUM_CONVERSION = YES;
				CLANG_WARN_INFINITE_RECURSION = YES;
				CLANG_WARN_INT_CONVERSION = YES;
				CLANG_WARN_NON_LITERAL_NULL_CONVERSION = YES;
				CLANG_WARN_OBJC_IMPLICIT_RETAIN_SELF = YES;
				CLANG_WARN_OBJC_LITERAL_CONVERSION = YES;
				CLANG_WARN_OBJC_ROOT_CLASS = YES_ERROR;
				CLANG_WARN_QUOTED_INCLUDE_IN_FRAMEWORK_HEADER = YES;
				CLANG_WARN_RANGE_LOOP_ANALYSIS = YES;
				CLANG_WARN_STRICT_PROTOTYPES = YES;
				CLANG_WARN_SUSPICIOUS_MOVE = YES;
				CLANG_WARN_UNGUARDED_AVAILABILITY = YES_AGGRESSIVE;
				CLANG_WARN_UNREACHABLE_CODE = YES;
				CLANG_WARN__DUPLICATE_METHOD_MATCH = YES;
				COPY_PHASE_STRIP = NO;
				DEBUG_INFORMATION_FORMAT = "dwarf-with-dsym";
				ENABLE_NS_ASSERTIONS = NO;
				ENABLE_STRICT_OBJC_MSGSEND = YES;
				GCC_C_LANGUAGE_STANDARD = gnu11;
				GCC_NO_COMMON_BLOCKS = YES;
				GCC_WARN_64_TO_32_BIT_CONVERSION = YES;
				GCC_WARN_ABOUT_RETURN_TYPE = YES_ERROR;
				GCC_WARN_UNDECLARED_SELECTOR = YES;
				GCC_WARN_UNINITIALIZED_AUTOS = YES_AGGRESSIVE;
				GCC_WARN_UNUSED_FUNCTION = YES;
				GCC_WARN_UNUSED_VARIABLE = YES;
				MACOSX_DEPLOYMENT_TARGET = 12.3;
				MTL_ENABLE_DEBUG_INFO = NO;
				MTL_FAST_MATH = YES;
				SDKROOT = macosx;
			};
			name = Release;
		};
		B5A10EDC2864D2DE00C23894 /* Debug */ = {
			isa = XCBuildConfiguration;
			buildSettings = {
				CODE_SIGN_STYLE = Automatic;
				COMBINE_HIDPI_IMAGES = YES;
				CURRENT_PROJECT_VERSION = 1;
				DEVELOPMENT_TEAM = P54J8A2VK7;
				GENERATE_INFOPLIST_FILE = YES;
				INFOPLIST_KEY_NSHumanReadableCopyright = "";
				INFOPLIST_KEY_NSPrincipalClass = "";
				INSTALL_PATH = "$(LOCAL_LIBRARY_DIR)/Bundles";
				MARKETING_VERSION = 1.0;
				PRODUCT_BUNDLE_IDENTIFIER = com.finalelua.samples.sampleclib;
				PRODUCT_NAME = "$(TARGET_NAME)";
				SKIP_INSTALL = YES;
				SWIFT_EMIT_LOC_STRINGS = YES;
			};
			name = Debug;
		};
		B5A10EDD2864D2DE00C23894 /* Release */ = {
			isa = XCBuildConfiguration;
			buildSettings = {
				CODE_SIGN_STYLE = Automatic;
				COMBINE_HIDPI_IMAGES = YES;
				CURRENT_PROJECT_VERSION = 1;
				DEVELOPMENT_TEAM = P54J8A2VK7;
				GENERATE_INFOPLIST_FILE = YES;
				INFOPLIST_KEY_NSHumanReadableCopyright = "";
				INFOPLIST_KEY_NSPrincipalClass = "";
				INSTALL_PATH = "$(LOCAL_LIBRARY_DIR)/Bundles";
				MARKETING_VERSION = 1.0;
				PRODUCT_BUNDLE_IDENTIFIER = com.finalelua.samples.sampleclib;
				PRODUCT_NAME = "$(TARGET_NAME)";
				SKIP_INSTALL = YES;
				SWIFT_EMIT_LOC_STRINGS = YES;
			};
			name = Release;
		};
/* End XCBuildConfiguration section */

/* Begin XCConfigurationList section */
		B5A10ED22864D2DE00C23894 /* Build configuration list for PBXProject "SampleClib-new" */ = {
			isa = XCConfigurationList;
			buildConfigurations = (
				B5A10ED92864D2DE00C23894 /* Debug */,
				B5A10EDA2864D2DE00C23894 /* Release */,
			);
			defaultConfigurationIsVisible = 0;
			defaultConfigurationName = Release;
		};
		B5A10EDB2864D2DE00C23894 /* Build configuration list for PBXNativeTarget "sampleclib" */ = {
			isa = XCConfigurationList;
			buildConfigurations = (
				B5A10EDC2864D2DE00C23894 /* Debug */,
				B5A10EDD2864D2DE00C23894 /* Release */,
			);
			defaultConfigurationIsVisible = 0;
			defaultConfigurationName = Release;
		};
/* End XCConfigurationList section */
	};
	rootObject = B5A10ECF2864D2DE00C23894 /* Project object */;
}
